// !$*UTF8*$!
{
	archiveVersion = 1;
	classes = {
	};
	objectVersion = 46;
	objects = {

/* Begin PBXBuildFile section */
		AFB8427B1A72A0E000DFF4CA /* AppDelegate.swift in Sources */ = {isa = PBXBuildFile; fileRef = AFB8427A1A72A0E000DFF4CA /* AppDelegate.swift */; };
		AFB8427D1A72A0E000DFF4CA /* ViewController.swift in Sources */ = {isa = PBXBuildFile; fileRef = AFB8427C1A72A0E000DFF4CA /* ViewController.swift */; };
		AFB842801A72A0E000DFF4CA /* Main.storyboard in Resources */ = {isa = PBXBuildFile; fileRef = AFB8427E1A72A0E000DFF4CA /* Main.storyboard */; };
		AFB842821A72A0E000DFF4CA /* Images.xcassets in Resources */ = {isa = PBXBuildFile; fileRef = AFB842811A72A0E000DFF4CA /* Images.xcassets */; };
		AFB842851A72A0E000DFF4CA /* LaunchScreen.xib in Resources */ = {isa = PBXBuildFile; fileRef = AFB842831A72A0E000DFF4CA /* LaunchScreen.xib */; };
		AFB842911A72A0E000DFF4CA /* _MapsTests.swift in Sources */ = {isa = PBXBuildFile; fileRef = AFB842901A72A0E000DFF4CA /* _MapsTests.swift */; };
/* End PBXBuildFile section */

/* Begin PBXContainerItemProxy section */
		AFB8428B1A72A0E000DFF4CA /* PBXContainerItemProxy */ = {
			isa = PBXContainerItemProxy;
			containerPortal = AFB8426D1A72A0E000DFF4CA /* Project object */;
			proxyType = 1;
			remoteGlobalIDString = AFB842741A72A0E000DFF4CA;
			remoteInfo = 2Maps;
		};
/* End PBXContainerItemProxy section */

/* Begin PBXFileReference section */
		AFB842751A72A0E000DFF4CA /* 2Maps.app */ = {isa = PBXFileReference; explicitFileType = wrapper.application; includeInIndex = 0; path = 2Maps.app; sourceTree = BUILT_PRODUCTS_DIR; };
		AFB842791A72A0E000DFF4CA /* Info.plist */ = {isa = PBXFileReference; lastKnownFileType = text.plist.xml; path = Info.plist; sourceTree = "<group>"; };
		AFB8427A1A72A0E000DFF4CA /* AppDelegate.swift */ = {isa = PBXFileReference; lastKnownFileType = sourcecode.swift; path = AppDelegate.swift; sourceTree = "<group>"; };
		AFB8427C1A72A0E000DFF4CA /* ViewController.swift */ = {isa = PBXFileReference; lastKnownFileType = sourcecode.swift; path = ViewController.swift; sourceTree = "<group>"; };
		AFB8427F1A72A0E000DFF4CA /* Base */ = {isa = PBXFileReference; lastKnownFileType = file.storyboard; name = Base; path = Base.lproj/Main.storyboard; sourceTree = "<group>"; };
		AFB842811A72A0E000DFF4CA /* Images.xcassets */ = {isa = PBXFileReference; lastKnownFileType = folder.assetcatalog; path = Images.xcassets; sourceTree = "<group>"; };
		AFB842841A72A0E000DFF4CA /* Base */ = {isa = PBXFileReference; lastKnownFileType = file.xib; name = Base; path = Base.lproj/LaunchScreen.xib; sourceTree = "<group>"; };
		AFB8428A1A72A0E000DFF4CA /* 2MapsTests.xctest */ = {isa = PBXFileReference; explicitFileType = wrapper.cfbundle; includeInIndex = 0; path = 2MapsTests.xctest; sourceTree = BUILT_PRODUCTS_DIR; };
		AFB8428F1A72A0E000DFF4CA /* Info.plist */ = {isa = PBXFileReference; lastKnownFileType = text.plist.xml; path = Info.plist; sourceTree = "<group>"; };
		AFB842901A72A0E000DFF4CA /* _MapsTests.swift */ = {isa = PBXFileReference; lastKnownFileType = sourcecode.swift; path = _MapsTests.swift; sourceTree = "<group>"; };
/* End PBXFileReference section */

/* Begin PBXFrameworksBuildPhase section */
		AFB842721A72A0E000DFF4CA /* Frameworks */ = {
			isa = PBXFrameworksBuildPhase;
			buildActionMask = 2147483647;
			files = (
			);
			runOnlyForDeploymentPostprocessing = 0;
		};
		AFB842871A72A0E000DFF4CA /* Frameworks */ = {
			isa = PBXFrameworksBuildPhase;
			buildActionMask = 2147483647;
			files = (
			);
			runOnlyForDeploymentPostprocessing = 0;
		};
/* End PBXFrameworksBuildPhase section */

/* Begin PBXGroup section */
		AFB8426C1A72A0E000DFF4CA = {
			isa = PBXGroup;
			children = (
				AFB842771A72A0E000DFF4CA /* 2Maps */,
				AFB8428D1A72A0E000DFF4CA /* 2MapsTests */,
				AFB842761A72A0E000DFF4CA /* Products */,
			);
			sourceTree = "<group>";
		};
		AFB842761A72A0E000DFF4CA /* Products */ = {
			isa = PBXGroup;
			children = (
				AFB842751A72A0E000DFF4CA /* 2Maps.app */,
				AFB8428A1A72A0E000DFF4CA /* 2MapsTests.xctest */,
			);
			name = Products;
			sourceTree = "<group>";
		};
		AFB842771A72A0E000DFF4CA /* 2Maps */ = {
			isa = PBXGroup;
			children = (
				AFB8427A1A72A0E000DFF4CA /* AppDelegate.swift */,
				AFB8427C1A72A0E000DFF4CA /* ViewController.swift */,
				AFB8427E1A72A0E000DFF4CA /* Main.storyboard */,
				AFB842811A72A0E000DFF4CA /* Images.xcassets */,
				AFB842831A72A0E000DFF4CA /* LaunchScreen.xib */,
				AFB842781A72A0E000DFF4CA /* Supporting Files */,
			);
			path = 2Maps;
			sourceTree = "<group>";
		};
		AFB842781A72A0E000DFF4CA /* Supporting Files */ = {
			isa = PBXGroup;
			children = (
				AFB842791A72A0E000DFF4CA /* Info.plist */,
			);
			name = "Supporting Files";
			sourceTree = "<group>";
		};
		AFB8428D1A72A0E000DFF4CA /* 2MapsTests */ = {
			isa = PBXGroup;
			children = (
				AFB842901A72A0E000DFF4CA /* _MapsTests.swift */,
				AFB8428E1A72A0E000DFF4CA /* Supporting Files */,
			);
			path = 2MapsTests;
			sourceTree = "<group>";
		};
		AFB8428E1A72A0E000DFF4CA /* Supporting Files */ = {
			isa = PBXGroup;
			children = (
				AFB8428F1A72A0E000DFF4CA /* Info.plist */,
			);
			name = "Supporting Files";
			sourceTree = "<group>";
		};
/* End PBXGroup section */

/* Begin PBXNativeTarget section */
		AFB842741A72A0E000DFF4CA /* 2Maps */ = {
			isa = PBXNativeTarget;
			buildConfigurationList = AFB842941A72A0E000DFF4CA /* Build configuration list for PBXNativeTarget "2Maps" */;
			buildPhases = (
				AFB842711A72A0E000DFF4CA /* Sources */,
				AFB842721A72A0E000DFF4CA /* Frameworks */,
				AFB842731A72A0E000DFF4CA /* Resources */,
			);
			buildRules = (
			);
			dependencies = (
			);
			name = 2Maps;
			productName = 2Maps;
			productReference = AFB842751A72A0E000DFF4CA /* 2Maps.app */;
			productType = "com.apple.product-type.application";
		};
		AFB842891A72A0E000DFF4CA /* 2MapsTests */ = {
			isa = PBXNativeTarget;
			buildConfigurationList = AFB842971A72A0E000DFF4CA /* Build configuration list for PBXNativeTarget "2MapsTests" */;
			buildPhases = (
				AFB842861A72A0E000DFF4CA /* Sources */,
				AFB842871A72A0E000DFF4CA /* Frameworks */,
				AFB842881A72A0E000DFF4CA /* Resources */,
			);
			buildRules = (
			);
			dependencies = (
				AFB8428C1A72A0E000DFF4CA /* PBXTargetDependency */,
			);
			name = 2MapsTests;
			productName = 2MapsTests;
			productReference = AFB8428A1A72A0E000DFF4CA /* 2MapsTests.xctest */;
			productType = "com.apple.product-type.bundle.unit-test";
		};
/* End PBXNativeTarget section */

/* Begin PBXProject section */
		AFB8426D1A72A0E000DFF4CA /* Project object */ = {
			isa = PBXProject;
			attributes = {
				LastUpgradeCheck = 0610;
				ORGANIZATIONNAME = "John Doe";
				TargetAttributes = {
					AFB842741A72A0E000DFF4CA = {
						CreatedOnToolsVersion = 6.1.1;
					};
					AFB842891A72A0E000DFF4CA = {
						CreatedOnToolsVersion = 6.1.1;
						TestTargetID = AFB842741A72A0E000DFF4CA;
					};
				};
			};
			buildConfigurationList = AFB842701A72A0E000DFF4CA /* Build configuration list for PBXProject "2Maps" */;
			compatibilityVersion = "Xcode 3.2";
			developmentRegion = English;
			hasScannedForEncodings = 0;
			knownRegions = (
				en,
				Base,
			);
			mainGroup = AFB8426C1A72A0E000DFF4CA;
			productRefGroup = AFB842761A72A0E000DFF4CA /* Products */;
			projectDirPath = "";
			projectRoot = "";
			targets = (
				AFB842741A72A0E000DFF4CA /* 2Maps */,
				AFB842891A72A0E000DFF4CA /* 2MapsTests */,
			);
		};
/* End PBXProject section */

/* Begin PBXResourcesBuildPhase section */
		AFB842731A72A0E000DFF4CA /* Resources */ = {
			isa = PBXResourcesBuildPhase;
			buildActionMask = 2147483647;
			files = (
				AFB842801A72A0E000DFF4CA /* Main.storyboard in Resources */,
				AFB842851A72A0E000DFF4CA /* LaunchScreen.xib in Resources */,
				AFB842821A72A0E000DFF4CA /* Images.xcassets in Resources */,
			);
			runOnlyForDeploymentPostprocessing = 0;
		};
		AFB842881A72A0E000DFF4CA /* Resources */ = {
			isa = PBXResourcesBuildPhase;
			buildActionMask = 2147483647;
			files = (
			);
			runOnlyForDeploymentPostprocessing = 0;
		};
/* End PBXResourcesBuildPhase section */

/* Begin PBXSourcesBuildPhase section */
		AFB842711A72A0E000DFF4CA /* Sources */ = {
			isa = PBXSourcesBuildPhase;
			buildActionMask = 2147483647;
			files = (
				AFB8427D1A72A0E000DFF4CA /* ViewController.swift in Sources */,
				AFB8427B1A72A0E000DFF4CA /* AppDelegate.swift in Sources */,
			);
			runOnlyForDeploymentPostprocessing = 0;
		};
		AFB842861A72A0E000DFF4CA /* Sources */ = {
			isa = PBXSourcesBuildPhase;
			buildActionMask = 2147483647;
			files = (
				AFB842911A72A0E000DFF4CA /* _MapsTests.swift in Sources */,
			);
			runOnlyForDeploymentPostprocessing = 0;
		};
/* End PBXSourcesBuildPhase section */

/* Begin PBXTargetDependency section */
		AFB8428C1A72A0E000DFF4CA /* PBXTargetDependency */ = {
			isa = PBXTargetDependency;
			target = AFB842741A72A0E000DFF4CA /* 2Maps */;
			targetProxy = AFB8428B1A72A0E000DFF4CA /* PBXContainerItemProxy */;
		};
/* End PBXTargetDependency section */

/* Begin PBXVariantGroup section */
		AFB8427E1A72A0E000DFF4CA /* Main.storyboard */ = {
			isa = PBXVariantGroup;
			children = (
				AFB8427F1A72A0E000DFF4CA /* Base */,
			);
			name = Main.storyboard;
			sourceTree = "<group>";
		};
		AFB842831A72A0E000DFF4CA /* LaunchScreen.xib */ = {
			isa = PBXVariantGroup;
			children = (
				AFB842841A72A0E000DFF4CA /* Base */,
			);
			name = LaunchScreen.xib;
			sourceTree = "<group>";
		};
/* End PBXVariantGroup section */

/* Begin XCBuildConfiguration section */
		AFB842921A72A0E000DFF4CA /* Debug */ = {
			isa = XCBuildConfiguration;
			buildSettings = {
				ALWAYS_SEARCH_USER_PATHS = NO;
				CLANG_CXX_LANGUAGE_STANDARD = "gnu++0x";
				CLANG_CXX_LIBRARY = "libc++";
				CLANG_ENABLE_MODULES = YES;
				CLANG_ENABLE_OBJC_ARC = YES;
				CLANG_WARN_BOOL_CONVERSION = YES;
				CLANG_WARN_CONSTANT_CONVERSION = YES;
				CLANG_WARN_DIRECT_OBJC_ISA_USAGE = YES_ERROR;
				CLANG_WARN_EMPTY_BODY = YES;
				CLANG_WARN_ENUM_CONVERSION = YES;
				CLANG_WARN_INT_CONVERSION = YES;
				CLANG_WARN_OBJC_ROOT_CLASS = YES_ERROR;
				CLANG_WARN_UNREACHABLE_CODE = YES;
				CLANG_WARN__DUPLICATE_METHOD_MATCH = YES;
				"CODE_SIGN_IDENTITY[sdk=iphoneos*]" = "iPhone Developer";
				COPY_PHASE_STRIP = NO;
				ENABLE_STRICT_OBJC_MSGSEND = YES;
				GCC_C_LANGUAGE_STANDARD = gnu99;
				GCC_DYNAMIC_NO_PIC = NO;
				GCC_OPTIMIZATION_LEVEL = 0;
				GCC_PREPROCESSOR_DEFINITIONS = (
					"DEBUG=1",
					"$(inherited)",
				);
				GCC_SYMBOLS_PRIVATE_EXTERN = NO;
				GCC_WARN_64_TO_32_BIT_CONVERSION = YES;
				GCC_WARN_ABOUT_RETURN_TYPE = YES_ERROR;
				GCC_WARN_UNDECLARED_SELECTOR = YES;
				GCC_WARN_UNINITIALIZED_AUTOS = YES_AGGRESSIVE;
				GCC_WARN_UNUSED_FUNCTION = YES;
				GCC_WARN_UNUSED_VARIABLE = YES;
				IPHONEOS_DEPLOYMENT_TARGET = 8.1;
				MTL_ENABLE_DEBUG_INFO = YES;
				ONLY_ACTIVE_ARCH = YES;
				SDKROOT = iphoneos;
				SWIFT_OPTIMIZATION_LEVEL = "-Onone";
			};
			name = Debug;
		};
		AFB842931A72A0E000DFF4CA /* Release */ = {
			isa = XCBuildConfiguration;
			buildSettings = {
				ALWAYS_SEARCH_USER_PATHS = NO;
				CLANG_CXX_LANGUAGE_STANDARD = "gnu++0x";
				CLANG_CXX_LIBRARY = "libc++";
				CLANG_ENABLE_MODULES = YES;
				CLANG_ENABLE_OBJC_ARC = YES;
				CLANG_WARN_BOOL_CONVERSION = YES;
				CLANG_WARN_CONSTANT_CONVERSION = YES;
				CLANG_WARN_DIRECT_OBJC_ISA_USAGE = YES_ERROR;
				CLANG_WARN_EMPTY_BODY = YES;
				CLANG_WARN_ENUM_CONVERSION = YES;
				CLANG_WARN_INT_CONVERSION = YES;
				CLANG_WARN_OBJC_ROOT_CLASS = YES_ERROR;
				CLANG_WARN_UNREACHABLE_CODE = YES;
				CLANG_WARN__DUPLICATE_METHOD_MATCH = YES;
				"CODE_SIGN_IDENTITY[sdk=iphoneos*]" = "iPhone Developer";
				COPY_PHASE_STRIP = YES;
				ENABLE_NS_ASSERTIONS = NO;
				ENABLE_STRICT_OBJC_MSGSEND = YES;
				GCC_C_LANGUAGE_STANDARD = gnu99;
				GCC_WARN_64_TO_32_BIT_CONVERSION = YES;
				GCC_WARN_ABOUT_RETURN_TYPE = YES_ERROR;
				GCC_WARN_UNDECLARED_SELECTOR = YES;
				GCC_WARN_UNINITIALIZED_AUTOS = YES_AGGRESSIVE;
				GCC_WARN_UNUSED_FUNCTION = YES;
				GCC_WARN_UNUSED_VARIABLE = YES;
				IPHONEOS_DEPLOYMENT_TARGET = 8.1;
				MTL_ENABLE_DEBUG_INFO = NO;
				SDKROOT = iphoneos;
				VALIDATE_PRODUCT = YES;
			};
			name = Release;
		};
		AFB842951A72A0E000DFF4CA /* Debug */ = {
			isa = XCBuildConfiguration;
			buildSettings = {
				ASSETCATALOG_COMPILER_APPICON_NAME = AppIcon;
				INFOPLIST_FILE = 2Maps/Info.plist;
				LD_RUNPATH_SEARCH_PATHS = "$(inherited) @executable_path/Frameworks";
				PRODUCT_NAME = "$(TARGET_NAME)";
			};
			name = Debug;
		};
		AFB842961A72A0E000DFF4CA /* Release */ = {
			isa = XCBuildConfiguration;
			buildSettings = {
				ASSETCATALOG_COMPILER_APPICON_NAME = AppIcon;
				INFOPLIST_FILE = 2Maps/Info.plist;
				LD_RUNPATH_SEARCH_PATHS = "$(inherited) @executable_path/Frameworks";
				PRODUCT_NAME = "$(TARGET_NAME)";
			};
			name = Release;
		};
		AFB842981A72A0E000DFF4CA /* Debug */ = {
			isa = XCBuildConfiguration;
			buildSettings = {
				BUNDLE_LOADER = "$(TEST_HOST)";
				FRAMEWORK_SEARCH_PATHS = (
					"$(SDKROOT)/Developer/Library/Frameworks",
					"$(inherited)",
				);
				GCC_PREPROCESSOR_DEFINITIONS = (
					"DEBUG=1",
					"$(inherited)",
				);
				INFOPLIST_FILE = 2MapsTests/Info.plist;
				LD_RUNPATH_SEARCH_PATHS = "$(inherited) @executable_path/Frameworks @loader_path/Frameworks";
				PRODUCT_NAME = "$(TARGET_NAME)";
				TEST_HOST = "$(BUILT_PRODUCTS_DIR)/2Maps.app/2Maps";
			};
			name = Debug;
		};
		AFB842991A72A0E000DFF4CA /* Release */ = {
			isa = XCBuildConfiguration;
			buildSettings = {
				BUNDLE_LOADER = "$(TEST_HOST)";
				FRAMEWORK_SEARCH_PATHS = (
					"$(SDKROOT)/Developer/Library/Frameworks",
					"$(inherited)",
				);
				INFOPLIST_FILE = 2MapsTests/Info.plist;
				LD_RUNPATH_SEARCH_PATHS = "$(inherited) @executable_path/Frameworks @loader_path/Frameworks";
				PRODUCT_NAME = "$(TARGET_NAME)";
				TEST_HOST = "$(BUILT_PRODUCTS_DIR)/2Maps.app/2Maps";
			};
			name = Release;
		};
/* End XCBuildConfiguration section */

/* Begin XCConfigurationList section */
		AFB842701A72A0E000DFF4CA /* Build configuration list for PBXProject "2Maps" */ = {
			isa = XCConfigurationList;
			buildConfigurations = (
				AFB842921A72A0E000DFF4CA /* Debug */,
				AFB842931A72A0E000DFF4CA /* Release */,
			);
			defaultConfigurationIsVisible = 0;
			defaultConfigurationName = Release;
		};
		AFB842941A72A0E000DFF4CA /* Build configuration list for PBXNativeTarget "2Maps" */ = {
			isa = XCConfigurationList;
			buildConfigurations = (
				AFB842951A72A0E000DFF4CA /* Debug */,
				AFB842961A72A0E000DFF4CA /* Release */,
			);
			defaultConfigurationIsVisible = 0;
		};
		AFB842971A72A0E000DFF4CA /* Build configuration list for PBXNativeTarget "2MapsTests" */ = {
			isa = XCConfigurationList;
			buildConfigurations = (
				AFB842981A72A0E000DFF4CA /* Debug */,
				AFB842991A72A0E000DFF4CA /* Release */,
			);
			defaultConfigurationIsVisible = 0;
		};
/* End XCConfigurationList section */
	};
	rootObject = AFB8426D1A72A0E000DFF4CA /* Project object */;
}
